
Microsoft Visual Studio Solution File, Format Version 12.00
# Visual Studio Version 17
VisualStudioVersion = 17.9.34728.123
MinimumVisualStudioVersion = 10.0.40219.1
Project("{FAE04EC0-301F-11D3-BF4B-00C04F79EFBC}") = "6LetterWordChallenge", "6LetterWordChallenge\6LetterWordChallenge.csproj", "{15D4A3C0-DB09-44B8-81C9-9933D6F10DB4}"
EndProject
Project("{FAE04EC0-301F-11D3-BF4B-00C04F79EFBC}") = "6LetterWordChallengeTests", "6LetterWordChallengeTests\6LetterWordChallengeTests.csproj", "{88666F10-2A24-4FF1-93D4-E1809B2F7DCA}"
EndProject
Global
	GlobalSection(SolutionConfigurationPlatforms) = preSolution
		Debug|Any CPU = Debug|Any CPU
		Release|Any CPU = Release|Any CPU
	EndGlobalSection
	GlobalSection(ProjectConfigurationPlatforms) = postSolution
		{15D4A3C0-DB09-44B8-81C9-9933D6F10DB4}.Debug|Any CPU.ActiveCfg = Debug|Any CPU
		{15D4A3C0-DB09-44B8-81C9-9933D6F10DB4}.Debug|Any CPU.Build.0 = Debug|Any CPU
		{15D4A3C0-DB09-44B8-81C9-9933D6F10DB4}.Release|Any CPU.ActiveCfg = Release|Any CPU
		{15D4A3C0-DB09-44B8-81C9-9933D6F10DB4}.Release|Any CPU.Build.0 = Release|Any CPU
		{88666F10-2A24-4FF1-93D4-E1809B2F7DCA}.Debug|Any CPU.ActiveCfg = Debug|Any CPU
		{88666F10-2A24-4FF1-93D4-E1809B2F7DCA}.Debug|Any CPU.Build.0 = Debug|Any CPU
		{88666F10-2A24-4FF1-93D4-E1809B2F7DCA}.Release|Any CPU.ActiveCfg = Release|Any CPU
		{88666F10-2A24-4FF1-93D4-E1809B2F7DCA}.Release|Any CPU.Build.0 = Release|Any CPU
	EndGlobalSection
	GlobalSection(SolutionProperties) = preSolution
		HideSolutionNode = FALSE
	EndGlobalSection
	GlobalSection(ExtensibilityGlobals) = postSolution
		SolutionGuid = {6CE8C0E6-0DD7-491B-B33F-E5A2819FC739}
	EndGlobalSection
EndGlobal
